<?xml version="1.0" encoding="utf-8"?>
<Project ToolsVersion="4.0" xmlns="http://schemas.microsoft.com/developer/msbuild/2003">
  <ItemGroup>
    <Filter Include="Source Files">
      <UniqueIdentifier>{4FC737F1-C7A5-4376-A066-2A32D752A2FF}</UniqueIdentifier>
      <Extensions>cpp;c;cc;cxx;c++;cppm;ixx;def;odl;idl;hpj;bat;asm;asmx</Extensions>
    </Filter>
    <Filter Include="Header Files">
      <UniqueIdentifier>{93995380-89BD-4b04-88EB-625FBE52EBFB}</UniqueIdentifier>
      <Extensions>h;hh;hpp;hxx;h++;hm;inl;inc;ipp;xsd</Extensions>
    </Filter>
    <Filter Include="Resource Files">
      <UniqueIdentifier>{67DA6AB6-F800-4c08-8B7A-83BB121AAD01}</UniqueIdentifier>
      <Extensions>rc;ico;cur;bmp;dlg;rc2;rct;bin;rgs;gif;jpg;jpeg;jpe;resx;tiff;tif;png;wav;mfcribbon-ms</Extensions>
    </Filter>
  </ItemGroup>
  <ItemGroup>
    <ClInclude Include="citizen.h">
      <Filter>Header Files</Filter>
    </ClInclude>
    <ClInclude Include="citizen_list.h">
      <Filter>Header Files</Filter>
    </ClInclude>
    <ClInclude Include="citizenListPtr_arr.h">
      <Filter>Header Files</Filter>
    </ClInclude>
    <ClInclude Include="distptr_arr.h">
      <Filter>Header Files</Filter>
    </ClInclude>
    <ClInclude Include="District.h">
      <Filter>Header Files</Filter>
    </ClInclude>
    <ClInclude Include="election_round.h">
      <Filter>Header Files</Filter>
    </ClInclude>
    <ClInclude Include="general.h">
      <Filter>Header Files</Filter>
    </ClInclude>
    <ClInclude Include="kalpi.h">
      <Filter>Header Files</Filter>
    </ClInclude>
    <ClInclude Include="party.h">
      <Filter>Header Files</Filter>
    </ClInclude>
    <ClInclude Include="partyptr_arr.h">
      <Filter>Header Files</Filter>
    </ClInclude>
  </ItemGroup>
  <ItemGroup>
    <ClCompile Include="citizen.cpp">
      <Filter>Source Files</Filter>
    </ClCompile>
    <ClCompile Include="citizen_list.cpp">
      <Filter>Source Files</Filter>
    </ClCompile>
    <ClCompile Include="citizenListPtr_arr.cpp">
      <Filter>Source Files</Filter>
    </ClCompile>
    <ClCompile Include="distptr_arr.cpp">
      <Filter>Source Files</Filter>
    </ClCompile>
    <ClCompile Include="District.cpp">
      <Filter>Source Files</Filter>
    </ClCompile>
    <ClCompile Include="election_round.cpp">
      <Filter>Source Files</Filter>
    </ClCompile>
    <ClCompile Include="general.cpp">
      <Filter>Source Files</Filter>
    </ClCompile>
    <ClCompile Include="kalpi.cpp">
      <Filter>Source Files</Filter>
    </ClCompile>
    <ClCompile Include="main.cpp">
      <Filter>Source Files</Filter>
    </ClCompile>
    <ClCompile Include="party.cpp">
      <Filter>Source Files</Filter>
    </ClCompile>
    <ClCompile Include="partyptr_arr.cpp">
      <Filter>Source Files</Filter>
    </ClCompile>
  </ItemGroup>
</Project>